
Microsoft Visual Studio Solution File, Format Version 12.00
# Visual Studio 15
Project("{FAE04EC0-301F-11D3-BF4B-00C04F79EFBC}") = "VR GOOGLE", "Assembly-CSharp.csproj", "{D9485475-C0F8-2332-9716-07F0F189EF07}"
EndProject
Project("{FAE04EC0-301F-11D3-BF4B-00C04F79EFBC}") = "VR GOOGLE", "Assembly-CSharp-Editor.csproj", "{21A4B368-1F71-7EE1-8460-952F0668952A}"
EndProject
Global
	GlobalSection(SolutionConfigurationPlatforms) = preSolution
		Debug|Any CPU = Debug|Any CPU
		Release|Any CPU = Release|Any CPU
	EndGlobalSection
	GlobalSection(ProjectConfigurationPlatforms) = postSolution
		{D9485475-C0F8-2332-9716-07F0F189EF07}.Debug|Any CPU.ActiveCfg = Debug|Any CPU
		{D9485475-C0F8-2332-9716-07F0F189EF07}.Debug|Any CPU.Build.0 = Debug|Any CPU
		{D9485475-C0F8-2332-9716-07F0F189EF07}.Release|Any CPU.ActiveCfg = Release|Any CPU
		{D9485475-C0F8-2332-9716-07F0F189EF07}.Release|Any CPU.Build.0 = Release|Any CPU
		{21A4B368-1F71-7EE1-8460-952F0668952A}.Debug|Any CPU.ActiveCfg = Debug|Any CPU
		{21A4B368-1F71-7EE1-8460-952F0668952A}.Debug|Any CPU.Build.0 = Debug|Any CPU
		{21A4B368-1F71-7EE1-8460-952F0668952A}.Release|Any CPU.ActiveCfg = Release|Any CPU
		{21A4B368-1F71-7EE1-8460-952F0668952A}.Release|Any CPU.Build.0 = Release|Any CPU
	EndGlobalSection
	GlobalSection(SolutionProperties) = preSolution
		HideSolutionNode = FALSE
	EndGlobalSection
EndGlobal
